// !$*UTF8*$!
{
	archiveVersion = 1;
	classes = {
	};
	objectVersion = 46;
	objects = {

/* Begin PBXBuildFile section */
		1981C3000C7CFA03143F95CD /* Pods_ui_gradients_viewer.framework in Frameworks */ = {isa = PBXBuildFile; fileRef = 87B7BB6F89EC192F1C1AC996 /* Pods_ui_gradients_viewer.framework */; };
		22CFFA91DD3FEF5078EB3005 /* Pods_ui_gradients_viewerTests.framework in Frameworks */ = {isa = PBXBuildFile; fileRef = 13EB301B369B08F866254F9D /* Pods_ui_gradients_viewerTests.framework */; };
		6EBE5D3D77A1A5C090ADF0C0 /* Pods_ui_gradients_viewerUITests.framework in Frameworks */ = {isa = PBXBuildFile; fileRef = 62D7E6E441D1C497DBBF5CC4 /* Pods_ui_gradients_viewerUITests.framework */; };
		B00186C71F53C8550027FB3A /* GradientHelper.swift in Sources */ = {isa = PBXBuildFile; fileRef = B00186C61F53C8550027FB3A /* GradientHelper.swift */; };
		B00186C91F54F33B0027FB3A /* SelectGradientViewController.swift in Sources */ = {isa = PBXBuildFile; fileRef = B00186C81F54F33B0027FB3A /* SelectGradientViewController.swift */; };
		B0A4611B1F53B65C0075B9F6 /* AppDelegate.swift in Sources */ = {isa = PBXBuildFile; fileRef = B0A4611A1F53B65C0075B9F6 /* AppDelegate.swift */; };
		B0A4611D1F53B65C0075B9F6 /* RootPageViewController.swift in Sources */ = {isa = PBXBuildFile; fileRef = B0A4611C1F53B65C0075B9F6 /* RootPageViewController.swift */; };
		B0A461221F53B65C0075B9F6 /* Assets.xcassets in Resources */ = {isa = PBXBuildFile; fileRef = B0A461211F53B65C0075B9F6 /* Assets.xcassets */; };
		B0A461251F53B65C0075B9F6 /* LaunchScreen.storyboard in Resources */ = {isa = PBXBuildFile; fileRef = B0A461231F53B65C0075B9F6 /* LaunchScreen.storyboard */; };
		B0A461301F53B65C0075B9F6 /* ui_gradients_viewerTests.swift in Sources */ = {isa = PBXBuildFile; fileRef = B0A4612F1F53B65C0075B9F6 /* ui_gradients_viewerTests.swift */; };
		B0A4613B1F53B65C0075B9F6 /* ui_gradients_viewerUITests.swift in Sources */ = {isa = PBXBuildFile; fileRef = B0A4613A1F53B65C0075B9F6 /* ui_gradients_viewerUITests.swift */; };
		B0B7C0331F55339E007BE6DF /* GradientTableCell.swift in Sources */ = {isa = PBXBuildFile; fileRef = B0B7C0321F55339E007BE6DF /* GradientTableCell.swift */; };
		B0B7C0351F5533BB007BE6DF /* GradientDetailViewController.swift in Sources */ = {isa = PBXBuildFile; fileRef = B0B7C0341F5533BB007BE6DF /* GradientDetailViewController.swift */; };
		B0B7C0371F5533EC007BE6DF /* RootTableViewController.swift in Sources */ = {isa = PBXBuildFile; fileRef = B0B7C0361F5533EC007BE6DF /* RootTableViewController.swift */; };
		B0F93BC020D600F6007FCD5F /* GradientCoordinator.swift in Sources */ = {isa = PBXBuildFile; fileRef = B0F93BBF20D600F6007FCD5F /* GradientCoordinator.swift */; };
/* End PBXBuildFile section */

/* Begin PBXContainerItemProxy section */
		B0A4612C1F53B65C0075B9F6 /* PBXContainerItemProxy */ = {
			isa = PBXContainerItemProxy;
			containerPortal = B0A4610F1F53B65C0075B9F6 /* Project object */;
			proxyType = 1;
			remoteGlobalIDString = B0A461161F53B65C0075B9F6;
			remoteInfo = ui_gradients_viewer;
		};
		B0A461371F53B65C0075B9F6 /* PBXContainerItemProxy */ = {
			isa = PBXContainerItemProxy;
			containerPortal = B0A4610F1F53B65C0075B9F6 /* Project object */;
			proxyType = 1;
			remoteGlobalIDString = B0A461161F53B65C0075B9F6;
			remoteInfo = ui_gradients_viewer;
		};
/* End PBXContainerItemProxy section */

/* Begin PBXFileReference section */
		033C58D4B01C78B400019AEB /* Pods-ui_gradients_viewerTests.release.xcconfig */ = {isa = PBXFileReference; includeInIndex = 1; lastKnownFileType = text.xcconfig; name = "Pods-ui_gradients_viewerTests.release.xcconfig"; path = "Pods/Target Support Files/Pods-ui_gradients_viewerTests/Pods-ui_gradients_viewerTests.release.xcconfig"; sourceTree = "<group>"; };
		13EB301B369B08F866254F9D /* Pods_ui_gradients_viewerTests.framework */ = {isa = PBXFileReference; explicitFileType = wrapper.framework; includeInIndex = 0; path = Pods_ui_gradients_viewerTests.framework; sourceTree = BUILT_PRODUCTS_DIR; };
		2D820BB6F34AB5BDE0FFE815 /* Pods-ui_gradients_viewerTests.debug.xcconfig */ = {isa = PBXFileReference; includeInIndex = 1; lastKnownFileType = text.xcconfig; name = "Pods-ui_gradients_viewerTests.debug.xcconfig"; path = "Pods/Target Support Files/Pods-ui_gradients_viewerTests/Pods-ui_gradients_viewerTests.debug.xcconfig"; sourceTree = "<group>"; };
		62D7E6E441D1C497DBBF5CC4 /* Pods_ui_gradients_viewerUITests.framework */ = {isa = PBXFileReference; explicitFileType = wrapper.framework; includeInIndex = 0; path = Pods_ui_gradients_viewerUITests.framework; sourceTree = BUILT_PRODUCTS_DIR; };
		78ED629103DEDE16A5598CB8 /* Pods-ui_gradients_viewerUITests.debug.xcconfig */ = {isa = PBXFileReference; includeInIndex = 1; lastKnownFileType = text.xcconfig; name = "Pods-ui_gradients_viewerUITests.debug.xcconfig"; path = "Pods/Target Support Files/Pods-ui_gradients_viewerUITests/Pods-ui_gradients_viewerUITests.debug.xcconfig"; sourceTree = "<group>"; };
		87B7BB6F89EC192F1C1AC996 /* Pods_ui_gradients_viewer.framework */ = {isa = PBXFileReference; explicitFileType = wrapper.framework; includeInIndex = 0; path = Pods_ui_gradients_viewer.framework; sourceTree = BUILT_PRODUCTS_DIR; };
		B00186C61F53C8550027FB3A /* GradientHelper.swift */ = {isa = PBXFileReference; fileEncoding = 4; lastKnownFileType = sourcecode.swift; path = GradientHelper.swift; sourceTree = "<group>"; };
		B00186C81F54F33B0027FB3A /* SelectGradientViewController.swift */ = {isa = PBXFileReference; fileEncoding = 4; lastKnownFileType = sourcecode.swift; path = SelectGradientViewController.swift; sourceTree = "<group>"; };
		B0A461171F53B65C0075B9F6 /* ui_gradients_viewer.app */ = {isa = PBXFileReference; explicitFileType = wrapper.application; includeInIndex = 0; path = ui_gradients_viewer.app; sourceTree = BUILT_PRODUCTS_DIR; };
		B0A4611A1F53B65C0075B9F6 /* AppDelegate.swift */ = {isa = PBXFileReference; lastKnownFileType = sourcecode.swift; path = AppDelegate.swift; sourceTree = "<group>"; };
		B0A4611C1F53B65C0075B9F6 /* RootPageViewController.swift */ = {isa = PBXFileReference; lastKnownFileType = sourcecode.swift; path = RootPageViewController.swift; sourceTree = "<group>"; };
		B0A461211F53B65C0075B9F6 /* Assets.xcassets */ = {isa = PBXFileReference; lastKnownFileType = folder.assetcatalog; path = Assets.xcassets; sourceTree = "<group>"; };
		B0A461241F53B65C0075B9F6 /* Base */ = {isa = PBXFileReference; lastKnownFileType = file.storyboard; name = Base; path = Base.lproj/LaunchScreen.storyboard; sourceTree = "<group>"; };
		B0A461261F53B65C0075B9F6 /* Info.plist */ = {isa = PBXFileReference; lastKnownFileType = text.plist.xml; path = Info.plist; sourceTree = "<group>"; };
		B0A4612B1F53B65C0075B9F6 /* ui_gradients_viewerTests.xctest */ = {isa = PBXFileReference; explicitFileType = wrapper.cfbundle; includeInIndex = 0; path = ui_gradients_viewerTests.xctest; sourceTree = BUILT_PRODUCTS_DIR; };
		B0A4612F1F53B65C0075B9F6 /* ui_gradients_viewerTests.swift */ = {isa = PBXFileReference; lastKnownFileType = sourcecode.swift; path = ui_gradients_viewerTests.swift; sourceTree = "<group>"; };
		B0A461311F53B65C0075B9F6 /* Info.plist */ = {isa = PBXFileReference; lastKnownFileType = text.plist.xml; path = Info.plist; sourceTree = "<group>"; };
		B0A461361F53B65C0075B9F6 /* ui_gradients_viewerUITests.xctest */ = {isa = PBXFileReference; explicitFileType = wrapper.cfbundle; includeInIndex = 0; path = ui_gradients_viewerUITests.xctest; sourceTree = BUILT_PRODUCTS_DIR; };
		B0A4613A1F53B65C0075B9F6 /* ui_gradients_viewerUITests.swift */ = {isa = PBXFileReference; lastKnownFileType = sourcecode.swift; path = ui_gradients_viewerUITests.swift; sourceTree = "<group>"; };
		B0A4613C1F53B65C0075B9F6 /* Info.plist */ = {isa = PBXFileReference; lastKnownFileType = text.plist.xml; path = Info.plist; sourceTree = "<group>"; };
		B0B7C0321F55339E007BE6DF /* GradientTableCell.swift */ = {isa = PBXFileReference; fileEncoding = 4; lastKnownFileType = sourcecode.swift; path = GradientTableCell.swift; sourceTree = "<group>"; };
		B0B7C0341F5533BB007BE6DF /* GradientDetailViewController.swift */ = {isa = PBXFileReference; fileEncoding = 4; lastKnownFileType = sourcecode.swift; path = GradientDetailViewController.swift; sourceTree = "<group>"; };
		B0B7C0361F5533EC007BE6DF /* RootTableViewController.swift */ = {isa = PBXFileReference; fileEncoding = 4; lastKnownFileType = sourcecode.swift; path = RootTableViewController.swift; sourceTree = "<group>"; };
		B0F93BBF20D600F6007FCD5F /* GradientCoordinator.swift */ = {isa = PBXFileReference; lastKnownFileType = sourcecode.swift; path = GradientCoordinator.swift; sourceTree = "<group>"; };
		D06F54AE6C909E2CAF502C19 /* Pods-ui_gradients_viewer.debug.xcconfig */ = {isa = PBXFileReference; includeInIndex = 1; lastKnownFileType = text.xcconfig; name = "Pods-ui_gradients_viewer.debug.xcconfig"; path = "Pods/Target Support Files/Pods-ui_gradients_viewer/Pods-ui_gradients_viewer.debug.xcconfig"; sourceTree = "<group>"; };
		F5B553036DF4BF12C9886376 /* Pods-ui_gradients_viewerUITests.release.xcconfig */ = {isa = PBXFileReference; includeInIndex = 1; lastKnownFileType = text.xcconfig; name = "Pods-ui_gradients_viewerUITests.release.xcconfig"; path = "Pods/Target Support Files/Pods-ui_gradients_viewerUITests/Pods-ui_gradients_viewerUITests.release.xcconfig"; sourceTree = "<group>"; };
		FFD4FD7B9D674BB7EEB4E952 /* Pods-ui_gradients_viewer.release.xcconfig */ = {isa = PBXFileReference; includeInIndex = 1; lastKnownFileType = text.xcconfig; name = "Pods-ui_gradients_viewer.release.xcconfig"; path = "Pods/Target Support Files/Pods-ui_gradients_viewer/Pods-ui_gradients_viewer.release.xcconfig"; sourceTree = "<group>"; };
/* End PBXFileReference section */

/* Begin PBXFrameworksBuildPhase section */
		B0A461141F53B65C0075B9F6 /* Frameworks */ = {
			isa = PBXFrameworksBuildPhase;
			buildActionMask = 2147483647;
			files = (
				1981C3000C7CFA03143F95CD /* Pods_ui_gradients_viewer.framework in Frameworks */,
			);
			runOnlyForDeploymentPostprocessing = 0;
		};
		B0A461281F53B65C0075B9F6 /* Frameworks */ = {
			isa = PBXFrameworksBuildPhase;
			buildActionMask = 2147483647;
			files = (
				22CFFA91DD3FEF5078EB3005 /* Pods_ui_gradients_viewerTests.framework in Frameworks */,
			);
			runOnlyForDeploymentPostprocessing = 0;
		};
		B0A461331F53B65C0075B9F6 /* Frameworks */ = {
			isa = PBXFrameworksBuildPhase;
			buildActionMask = 2147483647;
			files = (
				6EBE5D3D77A1A5C090ADF0C0 /* Pods_ui_gradients_viewerUITests.framework in Frameworks */,
			);
			runOnlyForDeploymentPostprocessing = 0;
		};
/* End PBXFrameworksBuildPhase section */

/* Begin PBXGroup section */
		1603381F4D8093D17796F1EE /* Pods */ = {
			isa = PBXGroup;
			children = (
				D06F54AE6C909E2CAF502C19 /* Pods-ui_gradients_viewer.debug.xcconfig */,
				FFD4FD7B9D674BB7EEB4E952 /* Pods-ui_gradients_viewer.release.xcconfig */,
				2D820BB6F34AB5BDE0FFE815 /* Pods-ui_gradients_viewerTests.debug.xcconfig */,
				033C58D4B01C78B400019AEB /* Pods-ui_gradients_viewerTests.release.xcconfig */,
				78ED629103DEDE16A5598CB8 /* Pods-ui_gradients_viewerUITests.debug.xcconfig */,
				F5B553036DF4BF12C9886376 /* Pods-ui_gradients_viewerUITests.release.xcconfig */,
			);
			name = Pods;
			sourceTree = "<group>";
		};
		5DFC5D042C38E9098F71357A /* Frameworks */ = {
			isa = PBXGroup;
			children = (
				87B7BB6F89EC192F1C1AC996 /* Pods_ui_gradients_viewer.framework */,
				13EB301B369B08F866254F9D /* Pods_ui_gradients_viewerTests.framework */,
				62D7E6E441D1C497DBBF5CC4 /* Pods_ui_gradients_viewerUITests.framework */,
			);
			name = Frameworks;
			sourceTree = "<group>";
		};
		B00186C51F53C8480027FB3A /* Helpers */ = {
			isa = PBXGroup;
			children = (
				B00186C61F53C8550027FB3A /* GradientHelper.swift */,
			);
			path = Helpers;
			sourceTree = "<group>";
		};
		B0A4610E1F53B65C0075B9F6 = {
			isa = PBXGroup;
			children = (
				5DFC5D042C38E9098F71357A /* Frameworks */,
				1603381F4D8093D17796F1EE /* Pods */,
				B0A461181F53B65C0075B9F6 /* Products */,
				B0A461191F53B65C0075B9F6 /* ui_gradients_viewer */,
				B0A4612E1F53B65C0075B9F6 /* ui_gradients_viewerTests */,
				B0A461391F53B65C0075B9F6 /* ui_gradients_viewerUITests */,
			);
			sourceTree = "<group>";
		};
		B0A461181F53B65C0075B9F6 /* Products */ = {
			isa = PBXGroup;
			children = (
				B0A461171F53B65C0075B9F6 /* ui_gradients_viewer.app */,
				B0A4612B1F53B65C0075B9F6 /* ui_gradients_viewerTests.xctest */,
				B0A461361F53B65C0075B9F6 /* ui_gradients_viewerUITests.xctest */,
			);
			name = Products;
			sourceTree = "<group>";
		};
		B0A461191F53B65C0075B9F6 /* ui_gradients_viewer */ = {
			isa = PBXGroup;
			children = (
				B0B7C0381F55341E007BE6DF /* Application */,
				B0B7C0311F553384007BE6DF /* Controllers */,
				B00186C51F53C8480027FB3A /* Helpers */,
				B0B7C0301F553375007BE6DF /* Views */,
			);
			path = ui_gradients_viewer;
			sourceTree = "<group>";
		};
		B0A4612E1F53B65C0075B9F6 /* ui_gradients_viewerTests */ = {
			isa = PBXGroup;
			children = (
				B0A461311F53B65C0075B9F6 /* Info.plist */,
				B0A4612F1F53B65C0075B9F6 /* ui_gradients_viewerTests.swift */,
			);
			path = ui_gradients_viewerTests;
			sourceTree = "<group>";
		};
		B0A461391F53B65C0075B9F6 /* ui_gradients_viewerUITests */ = {
			isa = PBXGroup;
			children = (
				B0A4613C1F53B65C0075B9F6 /* Info.plist */,
				B0A4613A1F53B65C0075B9F6 /* ui_gradients_viewerUITests.swift */,
			);
			path = ui_gradients_viewerUITests;
			sourceTree = "<group>";
		};
		B0B7C0301F553375007BE6DF /* Views */ = {
			isa = PBXGroup;
			children = (
				B0B7C0321F55339E007BE6DF /* GradientTableCell.swift */,
			);
			path = Views;
			sourceTree = "<group>";
		};
		B0B7C0311F553384007BE6DF /* Controllers */ = {
			isa = PBXGroup;
			children = (
				B0B7C0341F5533BB007BE6DF /* GradientDetailViewController.swift */,
				B0A4611C1F53B65C0075B9F6 /* RootPageViewController.swift */,
				B0B7C0361F5533EC007BE6DF /* RootTableViewController.swift */,
				B00186C81F54F33B0027FB3A /* SelectGradientViewController.swift */,
				B0F93BBF20D600F6007FCD5F /* GradientCoordinator.swift */,
			);
			path = Controllers;
			sourceTree = "<group>";
		};
		B0B7C0381F55341E007BE6DF /* Application */ = {
			isa = PBXGroup;
			children = (
				B0A4611A1F53B65C0075B9F6 /* AppDelegate.swift */,
				B0A461211F53B65C0075B9F6 /* Assets.xcassets */,
				B0A461261F53B65C0075B9F6 /* Info.plist */,
				B0A461231F53B65C0075B9F6 /* LaunchScreen.storyboard */,
			);
			path = Application;
			sourceTree = "<group>";
		};
/* End PBXGroup section */

/* Begin PBXNativeTarget section */
		B0A461161F53B65C0075B9F6 /* ui_gradients_viewer */ = {
			isa = PBXNativeTarget;
			buildConfigurationList = B0A4613F1F53B65C0075B9F6 /* Build configuration list for PBXNativeTarget "ui_gradients_viewer" */;
			buildPhases = (
				3BA2853BE4A62DD17B3184A4 /* [CP] Check Pods Manifest.lock */,
				B0A461131F53B65C0075B9F6 /* Sources */,
				B0A461141F53B65C0075B9F6 /* Frameworks */,
				B0A461151F53B65C0075B9F6 /* Resources */,
				5035CCF6603DC47DBB8AA6E4 /* [CP] Embed Pods Frameworks */,
			);
			buildRules = (
			);
			dependencies = (
			);
			name = ui_gradients_viewer;
			productName = ui_gradients_viewer;
			productReference = B0A461171F53B65C0075B9F6 /* ui_gradients_viewer.app */;
			productType = "com.apple.product-type.application";
		};
		B0A4612A1F53B65C0075B9F6 /* ui_gradients_viewerTests */ = {
			isa = PBXNativeTarget;
			buildConfigurationList = B0A461421F53B65C0075B9F6 /* Build configuration list for PBXNativeTarget "ui_gradients_viewerTests" */;
			buildPhases = (
				2D13E8DAAC90CACCBDEC60F7 /* [CP] Check Pods Manifest.lock */,
				B0A461271F53B65C0075B9F6 /* Sources */,
				B0A461281F53B65C0075B9F6 /* Frameworks */,
				B0A461291F53B65C0075B9F6 /* Resources */,
			);
			buildRules = (
			);
			dependencies = (
				B0A4612D1F53B65C0075B9F6 /* PBXTargetDependency */,
			);
			name = ui_gradients_viewerTests;
			productName = ui_gradients_viewerTests;
			productReference = B0A4612B1F53B65C0075B9F6 /* ui_gradients_viewerTests.xctest */;
			productType = "com.apple.product-type.bundle.unit-test";
		};
		B0A461351F53B65C0075B9F6 /* ui_gradients_viewerUITests */ = {
			isa = PBXNativeTarget;
			buildConfigurationList = B0A461451F53B65C0075B9F6 /* Build configuration list for PBXNativeTarget "ui_gradients_viewerUITests" */;
			buildPhases = (
				A159C53A15E91FB1E011A4CF /* [CP] Check Pods Manifest.lock */,
				B0A461321F53B65C0075B9F6 /* Sources */,
				B0A461331F53B65C0075B9F6 /* Frameworks */,
				B0A461341F53B65C0075B9F6 /* Resources */,
			);
			buildRules = (
			);
			dependencies = (
				B0A461381F53B65C0075B9F6 /* PBXTargetDependency */,
			);
			name = ui_gradients_viewerUITests;
			productName = ui_gradients_viewerUITests;
			productReference = B0A461361F53B65C0075B9F6 /* ui_gradients_viewerUITests.xctest */;
			productType = "com.apple.product-type.bundle.ui-testing";
		};
/* End PBXNativeTarget section */

/* Begin PBXProject section */
		B0A4610F1F53B65C0075B9F6 /* Project object */ = {
			isa = PBXProject;
			attributes = {
				LastSwiftUpdateCheck = 0830;
				LastUpgradeCheck = 0830;
				ORGANIZATIONNAME = "Alexander Murphy";
				TargetAttributes = {
					B0A461161F53B65C0075B9F6 = {
						CreatedOnToolsVersion = 8.3.3;
						DevelopmentTeam = 9L49SS68XP;
						LastSwiftMigration = 0930;
						ProvisioningStyle = Automatic;
					};
					B0A4612A1F53B65C0075B9F6 = {
						CreatedOnToolsVersion = 8.3.3;
						DevelopmentTeam = 9L49SS68XP;
						LastSwiftMigration = 0930;
						ProvisioningStyle = Automatic;
						TestTargetID = B0A461161F53B65C0075B9F6;
					};
					B0A461351F53B65C0075B9F6 = {
						CreatedOnToolsVersion = 8.3.3;
						DevelopmentTeam = 9L49SS68XP;
						LastSwiftMigration = 0930;
						ProvisioningStyle = Automatic;
						TestTargetID = B0A461161F53B65C0075B9F6;
					};
				};
			};
			buildConfigurationList = B0A461121F53B65C0075B9F6 /* Build configuration list for PBXProject "ui_gradients_viewer" */;
			compatibilityVersion = "Xcode 3.2";
			developmentRegion = English;
			hasScannedForEncodings = 0;
			knownRegions = (
				en,
				Base,
			);
			mainGroup = B0A4610E1F53B65C0075B9F6;
			productRefGroup = B0A461181F53B65C0075B9F6 /* Products */;
			projectDirPath = "";
			projectRoot = "";
			targets = (
				B0A461161F53B65C0075B9F6 /* ui_gradients_viewer */,
				B0A4612A1F53B65C0075B9F6 /* ui_gradients_viewerTests */,
				B0A461351F53B65C0075B9F6 /* ui_gradients_viewerUITests */,
			);
		};
/* End PBXProject section */

/* Begin PBXResourcesBuildPhase section */
		B0A461151F53B65C0075B9F6 /* Resources */ = {
			isa = PBXResourcesBuildPhase;
			buildActionMask = 2147483647;
			files = (
				B0A461251F53B65C0075B9F6 /* LaunchScreen.storyboard in Resources */,
				B0A461221F53B65C0075B9F6 /* Assets.xcassets in Resources */,
			);
			runOnlyForDeploymentPostprocessing = 0;
		};
		B0A461291F53B65C0075B9F6 /* Resources */ = {
			isa = PBXResourcesBuildPhase;
			buildActionMask = 2147483647;
			files = (
			);
			runOnlyForDeploymentPostprocessing = 0;
		};
		B0A461341F53B65C0075B9F6 /* Resources */ = {
			isa = PBXResourcesBuildPhase;
			buildActionMask = 2147483647;
			files = (
			);
			runOnlyForDeploymentPostprocessing = 0;
		};
/* End PBXResourcesBuildPhase section */

/* Begin PBXShellScriptBuildPhase section */
		2D13E8DAAC90CACCBDEC60F7 /* [CP] Check Pods Manifest.lock */ = {
			isa = PBXShellScriptBuildPhase;
			buildActionMask = 2147483647;
			files = (
			);
			inputPaths = (
				"${PODS_PODFILE_DIR_PATH}/Podfile.lock",
				"${PODS_ROOT}/Manifest.lock",
			);
			name = "[CP] Check Pods Manifest.lock";
			outputPaths = (
				"$(DERIVED_FILE_DIR)/Pods-ui_gradients_viewerTests-checkManifestLockResult.txt",
			);
			runOnlyForDeploymentPostprocessing = 0;
			shellPath = /bin/sh;
			shellScript = "diff \"${PODS_PODFILE_DIR_PATH}/Podfile.lock\" \"${PODS_ROOT}/Manifest.lock\" > /dev/null\nif [ $? != 0 ] ; then\n    # print error to STDERR\n    echo \"error: The sandbox is not in sync with the Podfile.lock. Run 'pod install' or update your CocoaPods installation.\" >&2\n    exit 1\nfi\n# This output is used by Xcode 'outputs' to avoid re-running this script phase.\necho \"SUCCESS\" > \"${SCRIPT_OUTPUT_FILE_0}\"\n";
			showEnvVarsInLog = 0;
		};
		3BA2853BE4A62DD17B3184A4 /* [CP] Check Pods Manifest.lock */ = {
			isa = PBXShellScriptBuildPhase;
			buildActionMask = 2147483647;
			files = (
			);
			inputPaths = (
				"${PODS_PODFILE_DIR_PATH}/Podfile.lock",
				"${PODS_ROOT}/Manifest.lock",
			);
			name = "[CP] Check Pods Manifest.lock";
			outputPaths = (
				"$(DERIVED_FILE_DIR)/Pods-ui_gradients_viewer-checkManifestLockResult.txt",
			);
			runOnlyForDeploymentPostprocessing = 0;
			shellPath = /bin/sh;
			shellScript = "diff \"${PODS_PODFILE_DIR_PATH}/Podfile.lock\" \"${PODS_ROOT}/Manifest.lock\" > /dev/null\nif [ $? != 0 ] ; then\n    # print error to STDERR\n    echo \"error: The sandbox is not in sync with the Podfile.lock. Run 'pod install' or update your CocoaPods installation.\" >&2\n    exit 1\nfi\n# This output is used by Xcode 'outputs' to avoid re-running this script phase.\necho \"SUCCESS\" > \"${SCRIPT_OUTPUT_FILE_0}\"\n";
			showEnvVarsInLog = 0;
		};
		5035CCF6603DC47DBB8AA6E4 /* [CP] Embed Pods Frameworks */ = {
			isa = PBXShellScriptBuildPhase;
			buildActionMask = 2147483647;
			files = (
			);
			inputPaths = (
				"${SRCROOT}/Pods/Target Support Files/Pods-ui_gradients_viewer/Pods-ui_gradients_viewer-frameworks.sh",
				"${BUILT_PRODUCTS_DIR}/Anchorage/Anchorage.framework",
				"${BUILT_PRODUCTS_DIR}/ChromaColorPicker/ChromaColorPicker.framework",
				"${BUILT_PRODUCTS_DIR}/GradientView/GradientView.framework",
				"${BUILT_PRODUCTS_DIR}/Haptica/Haptica.framework",
				"${BUILT_PRODUCTS_DIR}/Pageboy/Pageboy.framework",
				"${BUILT_PRODUCTS_DIR}/Pulley/Pulley.framework",
				"${BUILT_PRODUCTS_DIR}/SwiftHEXColors/SwiftHEXColors.framework",
			);
			name = "[CP] Embed Pods Frameworks";
			outputPaths = (
				"${TARGET_BUILD_DIR}/${FRAMEWORKS_FOLDER_PATH}/Anchorage.framework",
				"${TARGET_BUILD_DIR}/${FRAMEWORKS_FOLDER_PATH}/ChromaColorPicker.framework",
				"${TARGET_BUILD_DIR}/${FRAMEWORKS_FOLDER_PATH}/GradientView.framework",
				"${TARGET_BUILD_DIR}/${FRAMEWORKS_FOLDER_PATH}/Haptica.framework",
				"${TARGET_BUILD_DIR}/${FRAMEWORKS_FOLDER_PATH}/Pageboy.framework",
				"${TARGET_BUILD_DIR}/${FRAMEWORKS_FOLDER_PATH}/Pulley.framework",
				"${TARGET_BUILD_DIR}/${FRAMEWORKS_FOLDER_PATH}/SwiftHEXColors.framework",
			);
			runOnlyForDeploymentPostprocessing = 0;
			shellPath = /bin/sh;
			shellScript = "\"${SRCROOT}/Pods/Target Support Files/Pods-ui_gradients_viewer/Pods-ui_gradients_viewer-frameworks.sh\"\n";
			showEnvVarsInLog = 0;
		};
		A159C53A15E91FB1E011A4CF /* [CP] Check Pods Manifest.lock */ = {
			isa = PBXShellScriptBuildPhase;
			buildActionMask = 2147483647;
			files = (
			);
			inputPaths = (
				"${PODS_PODFILE_DIR_PATH}/Podfile.lock",
				"${PODS_ROOT}/Manifest.lock",
			);
			name = "[CP] Check Pods Manifest.lock";
			outputPaths = (
				"$(DERIVED_FILE_DIR)/Pods-ui_gradients_viewerUITests-checkManifestLockResult.txt",
			);
			runOnlyForDeploymentPostprocessing = 0;
			shellPath = /bin/sh;
			shellScript = "diff \"${PODS_PODFILE_DIR_PATH}/Podfile.lock\" \"${PODS_ROOT}/Manifest.lock\" > /dev/null\nif [ $? != 0 ] ; then\n    # print error to STDERR\n    echo \"error: The sandbox is not in sync with the Podfile.lock. Run 'pod install' or update your CocoaPods installation.\" >&2\n    exit 1\nfi\n# This output is used by Xcode 'outputs' to avoid re-running this script phase.\necho \"SUCCESS\" > \"${SCRIPT_OUTPUT_FILE_0}\"\n";
			showEnvVarsInLog = 0;
		};
/* End PBXShellScriptBuildPhase section */

/* Begin PBXSourcesBuildPhase section */
		B0A461131F53B65C0075B9F6 /* Sources */ = {
			isa = PBXSourcesBuildPhase;
			buildActionMask = 2147483647;
			files = (
				B0A4611D1F53B65C0075B9F6 /* RootPageViewController.swift in Sources */,
				B00186C91F54F33B0027FB3A /* SelectGradientViewController.swift in Sources */,
				B00186C71F53C8550027FB3A /* GradientHelper.swift in Sources */,
				B0B7C0371F5533EC007BE6DF /* RootTableViewController.swift in Sources */,
				B0A4611B1F53B65C0075B9F6 /* AppDelegate.swift in Sources */,
				B0B7C0331F55339E007BE6DF /* GradientTableCell.swift in Sources */,
				B0F93BC020D600F6007FCD5F /* GradientCoordinator.swift in Sources */,
				B0B7C0351F5533BB007BE6DF /* GradientDetailViewController.swift in Sources */,
			);
			runOnlyForDeploymentPostprocessing = 0;
		};
		B0A461271F53B65C0075B9F6 /* Sources */ = {
			isa = PBXSourcesBuildPhase;
			buildActionMask = 2147483647;
			files = (
				B0A461301F53B65C0075B9F6 /* ui_gradients_viewerTests.swift in Sources */,
			);
			runOnlyForDeploymentPostprocessing = 0;
		};
		B0A461321F53B65C0075B9F6 /* Sources */ = {
			isa = PBXSourcesBuildPhase;
			buildActionMask = 2147483647;
			files = (
				B0A4613B1F53B65C0075B9F6 /* ui_gradients_viewerUITests.swift in Sources */,
			);
			runOnlyForDeploymentPostprocessing = 0;
		};
/* End PBXSourcesBuildPhase section */

/* Begin PBXTargetDependency section */
		B0A4612D1F53B65C0075B9F6 /* PBXTargetDependency */ = {
			isa = PBXTargetDependency;
			target = B0A461161F53B65C0075B9F6 /* ui_gradients_viewer */;
			targetProxy = B0A4612C1F53B65C0075B9F6 /* PBXContainerItemProxy */;
		};
		B0A461381F53B65C0075B9F6 /* PBXTargetDependency */ = {
			isa = PBXTargetDependency;
			target = B0A461161F53B65C0075B9F6 /* ui_gradients_viewer */;
			targetProxy = B0A461371F53B65C0075B9F6 /* PBXContainerItemProxy */;
		};
/* End PBXTargetDependency section */

/* Begin PBXVariantGroup section */
		B0A461231F53B65C0075B9F6 /* LaunchScreen.storyboard */ = {
			isa = PBXVariantGroup;
			children = (
				B0A461241F53B65C0075B9F6 /* Base */,
			);
			name = LaunchScreen.storyboard;
			path = .;
			sourceTree = "<group>";
		};
/* End PBXVariantGroup section */

/* Begin XCBuildConfiguration section */
		B0A4613D1F53B65C0075B9F6 /* Debug */ = {
			isa = XCBuildConfiguration;
			buildSettings = {
				ALWAYS_SEARCH_USER_PATHS = NO;
				CLANG_ANALYZER_NONNULL = YES;
				CLANG_ANALYZER_NUMBER_OBJECT_CONVERSION = YES_AGGRESSIVE;
				CLANG_CXX_LANGUAGE_STANDARD = "gnu++0x";
				CLANG_CXX_LIBRARY = "libc++";
				CLANG_ENABLE_MODULES = YES;
				CLANG_ENABLE_OBJC_ARC = YES;
				CLANG_WARN_BOOL_CONVERSION = YES;
				CLANG_WARN_CONSTANT_CONVERSION = YES;
				CLANG_WARN_DIRECT_OBJC_ISA_USAGE = YES_ERROR;
				CLANG_WARN_DOCUMENTATION_COMMENTS = YES;
				CLANG_WARN_EMPTY_BODY = YES;
				CLANG_WARN_ENUM_CONVERSION = YES;
				CLANG_WARN_INFINITE_RECURSION = YES;
				CLANG_WARN_INT_CONVERSION = YES;
				CLANG_WARN_OBJC_ROOT_CLASS = YES_ERROR;
				CLANG_WARN_SUSPICIOUS_MOVE = YES;
				CLANG_WARN_UNREACHABLE_CODE = YES;
				CLANG_WARN__DUPLICATE_METHOD_MATCH = YES;
				"CODE_SIGN_IDENTITY[sdk=iphoneos*]" = "iPhone Developer";
				COPY_PHASE_STRIP = NO;
				DEBUG_INFORMATION_FORMAT = dwarf;
				ENABLE_STRICT_OBJC_MSGSEND = YES;
				ENABLE_TESTABILITY = YES;
				GCC_C_LANGUAGE_STANDARD = gnu99;
				GCC_DYNAMIC_NO_PIC = NO;
				GCC_NO_COMMON_BLOCKS = YES;
				GCC_OPTIMIZATION_LEVEL = 0;
				GCC_PREPROCESSOR_DEFINITIONS = (
					"DEBUG=1",
					"$(inherited)",
				);
				GCC_WARN_64_TO_32_BIT_CONVERSION = YES;
				GCC_WARN_ABOUT_RETURN_TYPE = YES_ERROR;
				GCC_WARN_UNDECLARED_SELECTOR = YES;
				GCC_WARN_UNINITIALIZED_AUTOS = YES_AGGRESSIVE;
				GCC_WARN_UNUSED_FUNCTION = YES;
				GCC_WARN_UNUSED_VARIABLE = YES;
				IPHONEOS_DEPLOYMENT_TARGET = 10.3;
				MTL_ENABLE_DEBUG_INFO = YES;
				ONLY_ACTIVE_ARCH = YES;
				SDKROOT = iphoneos;
				SWIFT_ACTIVE_COMPILATION_CONDITIONS = DEBUG;
				SWIFT_OPTIMIZATION_LEVEL = "-Onone";
				TARGETED_DEVICE_FAMILY = "1,2";
			};
			name = Debug;
		};
		B0A4613E1F53B65C0075B9F6 /* Release */ = {
			isa = XCBuildConfiguration;
			buildSettings = {
				ALWAYS_SEARCH_USER_PATHS = NO;
				CLANG_ANALYZER_NONNULL = YES;
				CLANG_ANALYZER_NUMBER_OBJECT_CONVERSION = YES_AGGRESSIVE;
				CLANG_CXX_LANGUAGE_STANDARD = "gnu++0x";
				CLANG_CXX_LIBRARY = "libc++";
				CLANG_ENABLE_MODULES = YES;
				CLANG_ENABLE_OBJC_ARC = YES;
				CLANG_WARN_BOOL_CONVERSION = YES;
				CLANG_WARN_CONSTANT_CONVERSION = YES;
				CLANG_WARN_DIRECT_OBJC_ISA_USAGE = YES_ERROR;
				CLANG_WARN_DOCUMENTATION_COMMENTS = YES;
				CLANG_WARN_EMPTY_BODY = YES;
				CLANG_WARN_ENUM_CONVERSION = YES;
				CLANG_WARN_INFINITE_RECURSION = YES;
				CLANG_WARN_INT_CONVERSION = YES;
				CLANG_WARN_OBJC_ROOT_CLASS = YES_ERROR;
				CLANG_WARN_SUSPICIOUS_MOVE = YES;
				CLANG_WARN_UNREACHABLE_CODE = YES;
				CLANG_WARN__DUPLICATE_METHOD_MATCH = YES;
				"CODE_SIGN_IDENTITY[sdk=iphoneos*]" = "iPhone Developer";
				COPY_PHASE_STRIP = NO;
				DEBUG_INFORMATION_FORMAT = "dwarf-with-dsym";
				ENABLE_NS_ASSERTIONS = NO;
				ENABLE_STRICT_OBJC_MSGSEND = YES;
				GCC_C_LANGUAGE_STANDARD = gnu99;
				GCC_NO_COMMON_BLOCKS = YES;
				GCC_WARN_64_TO_32_BIT_CONVERSION = YES;
				GCC_WARN_ABOUT_RETURN_TYPE = YES_ERROR;
				GCC_WARN_UNDECLARED_SELECTOR = YES;
				GCC_WARN_UNINITIALIZED_AUTOS = YES_AGGRESSIVE;
				GCC_WARN_UNUSED_FUNCTION = YES;
				GCC_WARN_UNUSED_VARIABLE = YES;
				IPHONEOS_DEPLOYMENT_TARGET = 10.3;
				MTL_ENABLE_DEBUG_INFO = NO;
				SDKROOT = iphoneos;
				SWIFT_OPTIMIZATION_LEVEL = "-Owholemodule";
				TARGETED_DEVICE_FAMILY = "1,2";
				VALIDATE_PRODUCT = YES;
			};
			name = Release;
		};
		B0A461401F53B65C0075B9F6 /* Debug */ = {
			isa = XCBuildConfiguration;
			baseConfigurationReference = D06F54AE6C909E2CAF502C19 /* Pods-ui_gradients_viewer.debug.xcconfig */;
			buildSettings = {
				ASSETCATALOG_COMPILER_APPICON_NAME = AppIcon;
				DEVELOPMENT_TEAM = 9L49SS68XP;
				INFOPLIST_FILE = ui_gradients_viewer/Application/Info.plist;
				IPHONEOS_DEPLOYMENT_TARGET = 11;
				LD_RUNPATH_SEARCH_PATHS = "$(inherited) @executable_path/Frameworks";
				PRODUCT_BUNDLE_IDENTIFIER = "com.thexande.ui-gradients-viewer";
				PRODUCT_NAME = "$(TARGET_NAME)";
				SWIFT_SWIFT3_OBJC_INFERENCE = On;
				SWIFT_VERSION = 4.0;
			};
			name = Debug;
		};
		B0A461411F53B65C0075B9F6 /* Release */ = {
			isa = XCBuildConfiguration;
			baseConfigurationReference = FFD4FD7B9D674BB7EEB4E952 /* Pods-ui_gradients_viewer.release.xcconfig */;
			buildSettings = {
				ASSETCATALOG_COMPILER_APPICON_NAME = AppIcon;
				DEVELOPMENT_TEAM = 9L49SS68XP;
				INFOPLIST_FILE = ui_gradients_viewer/Application/Info.plist;
				IPHONEOS_DEPLOYMENT_TARGET = 11;
				LD_RUNPATH_SEARCH_PATHS = "$(inherited) @executable_path/Frameworks";
				PRODUCT_BUNDLE_IDENTIFIER = "com.thexande.ui-gradients-viewer";
				PRODUCT_NAME = "$(TARGET_NAME)";
				SWIFT_SWIFT3_OBJC_INFERENCE = On;
				SWIFT_VERSION = 4.0;
			};
			name = Release;
		};
		B0A461431F53B65C0075B9F6 /* Debug */ = {
			isa = XCBuildConfiguration;
			baseConfigurationReference = 2D820BB6F34AB5BDE0FFE815 /* Pods-ui_gradients_viewerTests.debug.xcconfig */;
			buildSettings = {
				ALWAYS_EMBED_SWIFT_STANDARD_LIBRARIES = YES;
				BUNDLE_LOADER = "$(TEST_HOST)";
				DEVELOPMENT_TEAM = 9L49SS68XP;
				INFOPLIST_FILE = ui_gradients_viewerTests/Info.plist;
				LD_RUNPATH_SEARCH_PATHS = "$(inherited) @executable_path/Frameworks @loader_path/Frameworks";
				PRODUCT_BUNDLE_IDENTIFIER = "com.thexande.ui-gradients-viewerTests";
				PRODUCT_NAME = "$(TARGET_NAME)";
				SWIFT_SWIFT3_OBJC_INFERENCE = On;
				SWIFT_VERSION = 4.0;
				TEST_HOST = "$(BUILT_PRODUCTS_DIR)/ui_gradients_viewer.app/ui_gradients_viewer";
			};
			name = Debug;
		};
		B0A461441F53B65C0075B9F6 /* Release */ = {
			isa = XCBuildConfiguration;
			baseConfigurationReference = 033C58D4B01C78B400019AEB /* Pods-ui_gradients_viewerTests.release.xcconfig */;
			buildSettings = {
				ALWAYS_EMBED_SWIFT_STANDARD_LIBRARIES = YES;
				BUNDLE_LOADER = "$(TEST_HOST)";
				DEVELOPMENT_TEAM = 9L49SS68XP;
				INFOPLIST_FILE = ui_gradients_viewerTests/Info.plist;
				LD_RUNPATH_SEARCH_PATHS = "$(inherited) @executable_path/Frameworks @loader_path/Frameworks";
				PRODUCT_BUNDLE_IDENTIFIER = "com.thexande.ui-gradients-viewerTests";
				PRODUCT_NAME = "$(TARGET_NAME)";
				SWIFT_SWIFT3_OBJC_INFERENCE = On;
				SWIFT_VERSION = 4.0;
				TEST_HOST = "$(BUILT_PRODUCTS_DIR)/ui_gradients_viewer.app/ui_gradients_viewer";
			};
			name = Release;
		};
		B0A461461F53B65C0075B9F6 /* Debug */ = {
			isa = XCBuildConfiguration;
			baseConfigurationReference = 78ED629103DEDE16A5598CB8 /* Pods-ui_gradients_viewerUITests.debug.xcconfig */;
			buildSettings = {
				ALWAYS_EMBED_SWIFT_STANDARD_LIBRARIES = YES;
				DEVELOPMENT_TEAM = 9L49SS68XP;
				INFOPLIST_FILE = ui_gradients_viewerUITests/Info.plist;
				LD_RUNPATH_SEARCH_PATHS = "$(inherited) @executable_path/Frameworks @loader_path/Frameworks";
				PRODUCT_BUNDLE_IDENTIFIER = "com.thexande.ui-gradients-viewerUITests";
				PRODUCT_NAME = "$(TARGET_NAME)";
				SWIFT_SWIFT3_OBJC_INFERENCE = On;
				SWIFT_VERSION = 4.0;
				TEST_TARGET_NAME = ui_gradients_viewer;
			};
			name = Debug;
		};
		B0A461471F53B65C0075B9F6 /* Release */ = {
			isa = XCBuildConfiguration;
			baseConfigurationReference = F5B553036DF4BF12C9886376 /* Pods-ui_gradients_viewerUITests.release.xcconfig */;
			buildSettings = {
				ALWAYS_EMBED_SWIFT_STANDARD_LIBRARIES = YES;
				DEVELOPMENT_TEAM = 9L49SS68XP;
				INFOPLIST_FILE = ui_gradients_viewerUITests/Info.plist;
				LD_RUNPATH_SEARCH_PATHS = "$(inherited) @executable_path/Frameworks @loader_path/Frameworks";
				PRODUCT_BUNDLE_IDENTIFIER = "com.thexande.ui-gradients-viewerUITests";
				PRODUCT_NAME = "$(TARGET_NAME)";
				SWIFT_SWIFT3_OBJC_INFERENCE = On;
				SWIFT_VERSION = 4.0;
				TEST_TARGET_NAME = ui_gradients_viewer;
			};
			name = Release;
		};
/* End XCBuildConfiguration section */

/* Begin XCConfigurationList section */
		B0A461121F53B65C0075B9F6 /* Build configuration list for PBXProject "ui_gradients_viewer" */ = {
			isa = XCConfigurationList;
			buildConfigurations = (
				B0A4613D1F53B65C0075B9F6 /* Debug */,
				B0A4613E1F53B65C0075B9F6 /* Release */,
			);
			defaultConfigurationIsVisible = 0;
			defaultConfigurationName = Release;
		};
		B0A4613F1F53B65C0075B9F6 /* Build configuration list for PBXNativeTarget "ui_gradients_viewer" */ = {
			isa = XCConfigurationList;
			buildConfigurations = (
				B0A461401F53B65C0075B9F6 /* Debug */,
				B0A461411F53B65C0075B9F6 /* Release */,
			);
			defaultConfigurationIsVisible = 0;
			defaultConfigurationName = Release;
		};
		B0A461421F53B65C0075B9F6 /* Build configuration list for PBXNativeTarget "ui_gradients_viewerTests" */ = {
			isa = XCConfigurationList;
			buildConfigurations = (
				B0A461431F53B65C0075B9F6 /* Debug */,
				B0A461441F53B65C0075B9F6 /* Release */,
			);
			defaultConfigurationIsVisible = 0;
			defaultConfigurationName = Release;
		};
		B0A461451F53B65C0075B9F6 /* Build configuration list for PBXNativeTarget "ui_gradients_viewerUITests" */ = {
			isa = XCConfigurationList;
			buildConfigurations = (
				B0A461461F53B65C0075B9F6 /* Debug */,
				B0A461471F53B65C0075B9F6 /* Release */,
			);
			defaultConfigurationIsVisible = 0;
			defaultConfigurationName = Release;
		};
/* End XCConfigurationList section */
	};
	rootObject = B0A4610F1F53B65C0075B9F6 /* Project object */;
}
